
Microsoft Visual Studio Solution File, Format Version 12.00
# Visual Studio 2012
Project("{FAE04EC0-301F-11D3-BF4B-00C04F79EFBC}") = "TrainingTracker", "TrainingTracker\TrainingTracker.csproj", "{E2C5419F-1D6D-41A8-8256-362D019C407C}"
EndProject
Project("{FAE04EC0-301F-11D3-BF4B-00C04F79EFBC}") = "TrainingTracker.Common", "TrainingTracker.Common\TrainingTracker.Common.csproj", "{674349DE-FC52-45DC-9C96-B1DBD199BB7A}"
EndProject
Project("{FAE04EC0-301F-11D3-BF4B-00C04F79EFBC}") = "TrainingTracker.DAL", "TrainingTracker.DAL\TrainingTracker.DAL.csproj", "{A7D39ACC-A120-440B-AE7C-BD930C086C00}"
EndProject
Project("{FAE04EC0-301F-11D3-BF4B-00C04F79EFBC}") = "TrainingTracker.BLL", "TrainingTracker.BLL\TrainingTracker.BLL.csproj", "{EA939CA2-72AC-4CE8-AB4F-DC074A262F9C}"
EndProject
Global
	GlobalSection(SolutionConfigurationPlatforms) = preSolution
		Debug|Any CPU = Debug|Any CPU
		Release|Any CPU = Release|Any CPU
	EndGlobalSection
	GlobalSection(ProjectConfigurationPlatforms) = postSolution
		{E2C5419F-1D6D-41A8-8256-362D019C407C}.Debug|Any CPU.ActiveCfg = Debug|Any CPU
		{E2C5419F-1D6D-41A8-8256-362D019C407C}.Debug|Any CPU.Build.0 = Debug|Any CPU
		{E2C5419F-1D6D-41A8-8256-362D019C407C}.Release|Any CPU.ActiveCfg = Release|Any CPU
		{E2C5419F-1D6D-41A8-8256-362D019C407C}.Release|Any CPU.Build.0 = Release|Any CPU
		{674349DE-FC52-45DC-9C96-B1DBD199BB7A}.Debug|Any CPU.ActiveCfg = Debug|Any CPU
		{674349DE-FC52-45DC-9C96-B1DBD199BB7A}.Debug|Any CPU.Build.0 = Debug|Any CPU
		{674349DE-FC52-45DC-9C96-B1DBD199BB7A}.Release|Any CPU.ActiveCfg = Release|Any CPU
		{674349DE-FC52-45DC-9C96-B1DBD199BB7A}.Release|Any CPU.Build.0 = Release|Any CPU
		{A7D39ACC-A120-440B-AE7C-BD930C086C00}.Debug|Any CPU.ActiveCfg = Debug|Any CPU
		{A7D39ACC-A120-440B-AE7C-BD930C086C00}.Debug|Any CPU.Build.0 = Debug|Any CPU
		{A7D39ACC-A120-440B-AE7C-BD930C086C00}.Release|Any CPU.ActiveCfg = Release|Any CPU
		{A7D39ACC-A120-440B-AE7C-BD930C086C00}.Release|Any CPU.Build.0 = Release|Any CPU
		{EA939CA2-72AC-4CE8-AB4F-DC074A262F9C}.Debug|Any CPU.ActiveCfg = Debug|Any CPU
		{EA939CA2-72AC-4CE8-AB4F-DC074A262F9C}.Debug|Any CPU.Build.0 = Debug|Any CPU
		{EA939CA2-72AC-4CE8-AB4F-DC074A262F9C}.Release|Any CPU.ActiveCfg = Release|Any CPU
		{EA939CA2-72AC-4CE8-AB4F-DC074A262F9C}.Release|Any CPU.Build.0 = Release|Any CPU
	EndGlobalSection
	GlobalSection(SolutionProperties) = preSolution
		HideSolutionNode = FALSE
	EndGlobalSection
EndGlobal
